# @generated by Move, please check-in and do not edit manually.

[move]
version = 3
manifest_digest = "A2BE475050D9F8C2239FF8F9A2FE4CFA8C583613CDED87CB8D38278E3E03B73D"
deps_digest = "3C4103934B1E040BB6B23F1D610B4EF9F2F1166A50A104EADCF77467C004C600"
dependencies = [
  { id = "Sui", name = "Sui" },
  { id = "coins", name = "coins" },
]

[[move.package]]
id = "MoveStdlib"
source = { git = "https://github.com/MystenLabs/sui.git", rev = "framework/testnet", subdir = "crates\\sui-framework\\packages\\move-stdlib" }

[[move.package]]
id = "Sui"
source = { git = "https://github.com/MystenLabs/sui.git", rev = "framework/testnet", subdir = "crates/sui-framework/packages/sui-framework" }

dependencies = [
  { id = "MoveStdlib", name = "MoveStdlib" },
]

[[move.package]]
id = "coins"
source = { local = "..\\coins" }

dependencies = [
  { id = "Sui", name = "Sui" },
]

[move.toolchain-version]
compiler-version = "1.36.2"
edition = "2024.beta"
flavor = "sui"

[env]

[env.testnet]
chain-id = "4c78adac"
original-published-id = "0x9e283c1fcfdc009b42976254dd91daef7e03f7192445b7233119eff911dfd54c"
latest-published-id = "0x9e283c1fcfdc009b42976254dd91daef7e03f7192445b7233119eff911dfd54c"
published-version = "1"
