# @generated by Move, please check-in and do not edit manually.

[move]
version = 2
manifest_digest = "375ACFD5FCAF942876F0BA74140F04D583F020C0F1953CA18A0D9EA3D4B4161E"
deps_digest = "3C4103934B1E040BB6B23F1D610B4EF9F2F1166A50A104EADCF77467C004C600"
dependencies = [
  { name = "Sui" },
  { name = "coins" },
]

[[move.package]]
name = "MoveStdlib"
source = { git = "https://github.com/MystenLabs/sui.git", rev = "framework/testnet", subdir = "crates\\sui-framework\\packages\\move-stdlib" }

[[move.package]]
name = "Sui"
source = { git = "https://github.com/MystenLabs/sui.git", rev = "framework/testnet", subdir = "crates/sui-framework/packages/sui-framework" }

dependencies = [
  { name = "MoveStdlib" },
]

[[move.package]]
name = "coins"
source = { local = "..\\tasks\\coins" }

dependencies = [
  { name = "Sui" },
]

[move.toolchain-version]
compiler-version = "1.34.0"
edition = "2024.beta"
flavor = "sui"

[env]

[env.testnet]
chain-id = "4c78adac"
original-published-id = "0xd4ae343539ae5d97c22c379d60beeaa801199e5170bb1f5cea75514ac27b25b8"
latest-published-id = "0xd4ae343539ae5d97c22c379d60beeaa801199e5170bb1f5cea75514ac27b25b8"
published-version = "1"
